
Microsoft Visual Studio Solution File, Format Version 12.00
# Visual Studio Version 16
VisualStudioVersion = 16.0.32002.261
MinimumVisualStudioVersion = 10.0.40219.1
Project("{FAE04EC0-301F-11D3-BF4B-00C04F79EFBC}") = "ifElseExamplesNameSurname", "ifElseExamplesNameSurname\ifElseExamplesNameSurname.csproj", "{18550923-021F-4AE8-A2E0-31DAC941E839}"
EndProject
Global
	GlobalSection(SolutionConfigurationPlatforms) = preSolution
		Debug|Any CPU = Debug|Any CPU
		Release|Any CPU = Release|Any CPU
	EndGlobalSection
	GlobalSection(ProjectConfigurationPlatforms) = postSolution
		{18550923-021F-4AE8-A2E0-31DAC941E839}.Debug|Any CPU.ActiveCfg = Debug|Any CPU
		{18550923-021F-4AE8-A2E0-31DAC941E839}.Debug|Any CPU.Build.0 = Debug|Any CPU
		{18550923-021F-4AE8-A2E0-31DAC941E839}.Release|Any CPU.ActiveCfg = Release|Any CPU
		{18550923-021F-4AE8-A2E0-31DAC941E839}.Release|Any CPU.Build.0 = Release|Any CPU
	EndGlobalSection
	GlobalSection(SolutionProperties) = preSolution
		HideSolutionNode = FALSE
	EndGlobalSection
	GlobalSection(ExtensibilityGlobals) = postSolution
		SolutionGuid = {1AB23354-89FF-4805-8AA1-D88C4199C590}
	EndGlobalSection
EndGlobal
