
Microsoft Visual Studio Solution File, Format Version 12.00
# Visual Studio Version 16
VisualStudioVersion = 16.0.32002.261
MinimumVisualStudioVersion = 10.0.40219.1
Project("{FAE04EC0-301F-11D3-BF4B-00C04F79EFBC}") = "arraysLists", "arraysLists.csproj", "{7C9BAE3D-A728-4988-AA40-FEFF90A1DA61}"
EndProject
Global
	GlobalSection(SolutionConfigurationPlatforms) = preSolution
		Debug|Any CPU = Debug|Any CPU
		Release|Any CPU = Release|Any CPU
	EndGlobalSection
	GlobalSection(ProjectConfigurationPlatforms) = postSolution
		{7C9BAE3D-A728-4988-AA40-FEFF90A1DA61}.Debug|Any CPU.ActiveCfg = Debug|Any CPU
		{7C9BAE3D-A728-4988-AA40-FEFF90A1DA61}.Debug|Any CPU.Build.0 = Debug|Any CPU
		{7C9BAE3D-A728-4988-AA40-FEFF90A1DA61}.Release|Any CPU.ActiveCfg = Release|Any CPU
		{7C9BAE3D-A728-4988-AA40-FEFF90A1DA61}.Release|Any CPU.Build.0 = Release|Any CPU
	EndGlobalSection
	GlobalSection(SolutionProperties) = preSolution
		HideSolutionNode = FALSE
	EndGlobalSection
	GlobalSection(ExtensibilityGlobals) = postSolution
		SolutionGuid = {C03507B0-4B1F-42B1-8EB3-67BAB85755C3}
	EndGlobalSection
EndGlobal
