
Microsoft Visual Studio Solution File, Format Version 12.00
# Visual Studio Version 16
VisualStudioVersion = 16.0.32002.261
MinimumVisualStudioVersion = 10.0.40219.1
Project("{FAE04EC0-301F-11D3-BF4B-00C04F79EFBC}") = "switchCaseExamplesHaftanınGunlerineGoreHavadurumu", "switchCaseExamplesHaftanınGunlerineGoreHavadurumu.csproj", "{02927867-0178-4A59-9FDF-10609554646D}"
EndProject
Global
	GlobalSection(SolutionConfigurationPlatforms) = preSolution
		Debug|Any CPU = Debug|Any CPU
		Release|Any CPU = Release|Any CPU
	EndGlobalSection
	GlobalSection(ProjectConfigurationPlatforms) = postSolution
		{02927867-0178-4A59-9FDF-10609554646D}.Debug|Any CPU.ActiveCfg = Debug|Any CPU
		{02927867-0178-4A59-9FDF-10609554646D}.Debug|Any CPU.Build.0 = Debug|Any CPU
		{02927867-0178-4A59-9FDF-10609554646D}.Release|Any CPU.ActiveCfg = Release|Any CPU
		{02927867-0178-4A59-9FDF-10609554646D}.Release|Any CPU.Build.0 = Release|Any CPU
	EndGlobalSection
	GlobalSection(SolutionProperties) = preSolution
		HideSolutionNode = FALSE
	EndGlobalSection
	GlobalSection(ExtensibilityGlobals) = postSolution
		SolutionGuid = {35023839-220E-44F5-9061-A9CD9DD54DA3}
	EndGlobalSection
EndGlobal
