
Microsoft Visual Studio Solution File, Format Version 12.00
# Visual Studio Version 16
VisualStudioVersion = 16.0.32002.261
MinimumVisualStudioVersion = 10.0.40219.1
Project("{FAE04EC0-301F-11D3-BF4B-00C04F79EFBC}") = "doWhileLoopXYArasindakiCiftSayilariBulanProgram", "doWhileLoopXYArasindakiCiftSayilariBulanProgram.csproj", "{900B8232-A88C-4874-AF3E-E74CCB86883A}"
EndProject
Global
	GlobalSection(SolutionConfigurationPlatforms) = preSolution
		Debug|Any CPU = Debug|Any CPU
		Release|Any CPU = Release|Any CPU
	EndGlobalSection
	GlobalSection(ProjectConfigurationPlatforms) = postSolution
		{900B8232-A88C-4874-AF3E-E74CCB86883A}.Debug|Any CPU.ActiveCfg = Debug|Any CPU
		{900B8232-A88C-4874-AF3E-E74CCB86883A}.Debug|Any CPU.Build.0 = Debug|Any CPU
		{900B8232-A88C-4874-AF3E-E74CCB86883A}.Release|Any CPU.ActiveCfg = Release|Any CPU
		{900B8232-A88C-4874-AF3E-E74CCB86883A}.Release|Any CPU.Build.0 = Release|Any CPU
	EndGlobalSection
	GlobalSection(SolutionProperties) = preSolution
		HideSolutionNode = FALSE
	EndGlobalSection
	GlobalSection(ExtensibilityGlobals) = postSolution
		SolutionGuid = {C0BC49A4-6F34-4B51-A8D7-F74880558FD7}
	EndGlobalSection
EndGlobal
