
Microsoft Visual Studio Solution File, Format Version 12.00
# Visual Studio Version 16
VisualStudioVersion = 16.0.32002.261
MinimumVisualStudioVersion = 10.0.40219.1
Project("{FAE04EC0-301F-11D3-BF4B-00C04F79EFBC}") = "forLoopExamples1", "forLoopExamples1.csproj", "{30BB47F4-50BD-416E-8B21-043ABBC3CDB9}"
EndProject
Global
	GlobalSection(SolutionConfigurationPlatforms) = preSolution
		Debug|Any CPU = Debug|Any CPU
		Release|Any CPU = Release|Any CPU
	EndGlobalSection
	GlobalSection(ProjectConfigurationPlatforms) = postSolution
		{30BB47F4-50BD-416E-8B21-043ABBC3CDB9}.Debug|Any CPU.ActiveCfg = Debug|Any CPU
		{30BB47F4-50BD-416E-8B21-043ABBC3CDB9}.Debug|Any CPU.Build.0 = Debug|Any CPU
		{30BB47F4-50BD-416E-8B21-043ABBC3CDB9}.Release|Any CPU.ActiveCfg = Release|Any CPU
		{30BB47F4-50BD-416E-8B21-043ABBC3CDB9}.Release|Any CPU.Build.0 = Release|Any CPU
	EndGlobalSection
	GlobalSection(SolutionProperties) = preSolution
		HideSolutionNode = FALSE
	EndGlobalSection
	GlobalSection(ExtensibilityGlobals) = postSolution
		SolutionGuid = {56411E14-90D2-4140-97A1-C25AC3D4EC68}
	EndGlobalSection
EndGlobal
