
Microsoft Visual Studio Solution File, Format Version 12.00
# Visual Studio Version 16
VisualStudioVersion = 16.0.32002.261
MinimumVisualStudioVersion = 10.0.40219.1
Project("{FAE04EC0-301F-11D3-BF4B-00C04F79EFBC}") = "starsWithForLoops", "starsWithForLoops\starsWithForLoops.csproj", "{151CCCF6-01E6-4DED-92AE-14370AF20308}"
EndProject
Global
	GlobalSection(SolutionConfigurationPlatforms) = preSolution
		Debug|Any CPU = Debug|Any CPU
		Release|Any CPU = Release|Any CPU
	EndGlobalSection
	GlobalSection(ProjectConfigurationPlatforms) = postSolution
		{151CCCF6-01E6-4DED-92AE-14370AF20308}.Debug|Any CPU.ActiveCfg = Debug|Any CPU
		{151CCCF6-01E6-4DED-92AE-14370AF20308}.Debug|Any CPU.Build.0 = Debug|Any CPU
		{151CCCF6-01E6-4DED-92AE-14370AF20308}.Release|Any CPU.ActiveCfg = Release|Any CPU
		{151CCCF6-01E6-4DED-92AE-14370AF20308}.Release|Any CPU.Build.0 = Release|Any CPU
	EndGlobalSection
	GlobalSection(SolutionProperties) = preSolution
		HideSolutionNode = FALSE
	EndGlobalSection
	GlobalSection(ExtensibilityGlobals) = postSolution
		SolutionGuid = {ABF058DA-85F4-41CE-B56B-234E5F343E65}
	EndGlobalSection
EndGlobal
