
Microsoft Visual Studio Solution File, Format Version 12.00
# Visual Studio Version 16
VisualStudioVersion = 16.0.32002.261
MinimumVisualStudioVersion = 10.0.40219.1
Project("{FAE04EC0-301F-11D3-BF4B-00C04F79EFBC}") = "ifElseExamplesKenarlarıVerilenUcgenCizilebilirMi", "ifElseExamplesKenarlarıVerilenUcgenCizilebilirMi.csproj", "{544B8171-9953-45FF-ADDF-FB9CAA7C2975}"
EndProject
Global
	GlobalSection(SolutionConfigurationPlatforms) = preSolution
		Debug|Any CPU = Debug|Any CPU
		Release|Any CPU = Release|Any CPU
	EndGlobalSection
	GlobalSection(ProjectConfigurationPlatforms) = postSolution
		{544B8171-9953-45FF-ADDF-FB9CAA7C2975}.Debug|Any CPU.ActiveCfg = Debug|Any CPU
		{544B8171-9953-45FF-ADDF-FB9CAA7C2975}.Debug|Any CPU.Build.0 = Debug|Any CPU
		{544B8171-9953-45FF-ADDF-FB9CAA7C2975}.Release|Any CPU.ActiveCfg = Release|Any CPU
		{544B8171-9953-45FF-ADDF-FB9CAA7C2975}.Release|Any CPU.Build.0 = Release|Any CPU
	EndGlobalSection
	GlobalSection(SolutionProperties) = preSolution
		HideSolutionNode = FALSE
	EndGlobalSection
	GlobalSection(ExtensibilityGlobals) = postSolution
		SolutionGuid = {28E99044-31EC-4C6A-AC14-C2617C9B43E8}
	EndGlobalSection
EndGlobal
