
Microsoft Visual Studio Solution File, Format Version 12.00
# Visual Studio Version 16
VisualStudioVersion = 16.0.32002.261
MinimumVisualStudioVersion = 10.0.40219.1
Project("{FAE04EC0-301F-11D3-BF4B-00C04F79EFBC}") = "mtbPbDtpKullanimlari", "mtbPbDtpKullanimlari\mtbPbDtpKullanimlari.csproj", "{6FF72D57-84C5-4EC5-97F5-2649C8E40DAD}"
EndProject
Global
	GlobalSection(SolutionConfigurationPlatforms) = preSolution
		Debug|Any CPU = Debug|Any CPU
		Release|Any CPU = Release|Any CPU
	EndGlobalSection
	GlobalSection(ProjectConfigurationPlatforms) = postSolution
		{6FF72D57-84C5-4EC5-97F5-2649C8E40DAD}.Debug|Any CPU.ActiveCfg = Debug|Any CPU
		{6FF72D57-84C5-4EC5-97F5-2649C8E40DAD}.Debug|Any CPU.Build.0 = Debug|Any CPU
		{6FF72D57-84C5-4EC5-97F5-2649C8E40DAD}.Release|Any CPU.ActiveCfg = Release|Any CPU
		{6FF72D57-84C5-4EC5-97F5-2649C8E40DAD}.Release|Any CPU.Build.0 = Release|Any CPU
	EndGlobalSection
	GlobalSection(SolutionProperties) = preSolution
		HideSolutionNode = FALSE
	EndGlobalSection
	GlobalSection(ExtensibilityGlobals) = postSolution
		SolutionGuid = {B3EF788D-5F6D-4233-9BB5-E1714FBE0D5E}
	EndGlobalSection
EndGlobal
