
Microsoft Visual Studio Solution File, Format Version 12.00
# Visual Studio Version 17
VisualStudioVersion = 17.2.32630.192
MinimumVisualStudioVersion = 10.0.40219.1
Project("{FAE04EC0-301F-11D3-BF4B-00C04F79EFBC}") = "Passaparola", "Passaparola.csproj", "{6BF421DE-EF3E-4996-8510-B15A394B068A}"
EndProject
Global
	GlobalSection(SolutionConfigurationPlatforms) = preSolution
		Debug|Any CPU = Debug|Any CPU
		Release|Any CPU = Release|Any CPU
	EndGlobalSection
	GlobalSection(ProjectConfigurationPlatforms) = postSolution
		{6BF421DE-EF3E-4996-8510-B15A394B068A}.Debug|Any CPU.ActiveCfg = Debug|Any CPU
		{6BF421DE-EF3E-4996-8510-B15A394B068A}.Debug|Any CPU.Build.0 = Debug|Any CPU
		{6BF421DE-EF3E-4996-8510-B15A394B068A}.Release|Any CPU.ActiveCfg = Release|Any CPU
		{6BF421DE-EF3E-4996-8510-B15A394B068A}.Release|Any CPU.Build.0 = Release|Any CPU
	EndGlobalSection
	GlobalSection(SolutionProperties) = preSolution
		HideSolutionNode = FALSE
	EndGlobalSection
	GlobalSection(ExtensibilityGlobals) = postSolution
		SolutionGuid = {FEBB9554-769B-429B-B9B3-4AC5FADA79DD}
	EndGlobalSection
EndGlobal
