
Microsoft Visual Studio Solution File, Format Version 12.00
# Visual Studio Version 16
VisualStudioVersion = 16.0.32002.261
MinimumVisualStudioVersion = 10.0.40219.1
Project("{FAE04EC0-301F-11D3-BF4B-00C04F79EFBC}") = "arrays", "arrays.csproj", "{736EA11B-C12F-4708-A738-2962EC1FCBCA}"
EndProject
Global
	GlobalSection(SolutionConfigurationPlatforms) = preSolution
		Debug|Any CPU = Debug|Any CPU
		Release|Any CPU = Release|Any CPU
	EndGlobalSection
	GlobalSection(ProjectConfigurationPlatforms) = postSolution
		{736EA11B-C12F-4708-A738-2962EC1FCBCA}.Debug|Any CPU.ActiveCfg = Debug|Any CPU
		{736EA11B-C12F-4708-A738-2962EC1FCBCA}.Debug|Any CPU.Build.0 = Debug|Any CPU
		{736EA11B-C12F-4708-A738-2962EC1FCBCA}.Release|Any CPU.ActiveCfg = Release|Any CPU
		{736EA11B-C12F-4708-A738-2962EC1FCBCA}.Release|Any CPU.Build.0 = Release|Any CPU
	EndGlobalSection
	GlobalSection(SolutionProperties) = preSolution
		HideSolutionNode = FALSE
	EndGlobalSection
	GlobalSection(ExtensibilityGlobals) = postSolution
		SolutionGuid = {794639F6-1082-49EB-A653-126A3DCB631E}
	EndGlobalSection
EndGlobal
