
Microsoft Visual Studio Solution File, Format Version 12.00
# Visual Studio Version 16
VisualStudioVersion = 16.0.32002.261
MinimumVisualStudioVersion = 10.0.40219.1
Project("{FAE04EC0-301F-11D3-BF4B-00C04F79EFBC}") = "listBoxKullanimiveMetotları", "listBoxKullanimiveMetotları\listBoxKullanimiveMetotları.csproj", "{1B14F874-D3FD-4815-823E-0553E0D2A0A2}"
EndProject
Global
	GlobalSection(SolutionConfigurationPlatforms) = preSolution
		Debug|Any CPU = Debug|Any CPU
		Release|Any CPU = Release|Any CPU
	EndGlobalSection
	GlobalSection(ProjectConfigurationPlatforms) = postSolution
		{1B14F874-D3FD-4815-823E-0553E0D2A0A2}.Debug|Any CPU.ActiveCfg = Debug|Any CPU
		{1B14F874-D3FD-4815-823E-0553E0D2A0A2}.Debug|Any CPU.Build.0 = Debug|Any CPU
		{1B14F874-D3FD-4815-823E-0553E0D2A0A2}.Release|Any CPU.ActiveCfg = Release|Any CPU
		{1B14F874-D3FD-4815-823E-0553E0D2A0A2}.Release|Any CPU.Build.0 = Release|Any CPU
	EndGlobalSection
	GlobalSection(SolutionProperties) = preSolution
		HideSolutionNode = FALSE
	EndGlobalSection
	GlobalSection(ExtensibilityGlobals) = postSolution
		SolutionGuid = {2C776AF1-A287-4577-8DE0-424C5A482BD9}
	EndGlobalSection
EndGlobal
