
Microsoft Visual Studio Solution File, Format Version 12.00
# Visual Studio Version 16
VisualStudioVersion = 16.0.32002.261
MinimumVisualStudioVersion = 10.0.40219.1
Project("{FAE04EC0-301F-11D3-BF4B-00C04F79EFBC}") = "switchCaseExamples", "switchCaseExamples\switchCaseExamples.csproj", "{9C12CE69-D58F-479C-BD87-4E63DBD2B43D}"
EndProject
Global
	GlobalSection(SolutionConfigurationPlatforms) = preSolution
		Debug|Any CPU = Debug|Any CPU
		Release|Any CPU = Release|Any CPU
	EndGlobalSection
	GlobalSection(ProjectConfigurationPlatforms) = postSolution
		{9C12CE69-D58F-479C-BD87-4E63DBD2B43D}.Debug|Any CPU.ActiveCfg = Debug|Any CPU
		{9C12CE69-D58F-479C-BD87-4E63DBD2B43D}.Debug|Any CPU.Build.0 = Debug|Any CPU
		{9C12CE69-D58F-479C-BD87-4E63DBD2B43D}.Release|Any CPU.ActiveCfg = Release|Any CPU
		{9C12CE69-D58F-479C-BD87-4E63DBD2B43D}.Release|Any CPU.Build.0 = Release|Any CPU
	EndGlobalSection
	GlobalSection(SolutionProperties) = preSolution
		HideSolutionNode = FALSE
	EndGlobalSection
	GlobalSection(ExtensibilityGlobals) = postSolution
		SolutionGuid = {4CBC7342-7CFE-4F4D-B4F8-9945564F18CD}
	EndGlobalSection
EndGlobal
