
Microsoft Visual Studio Solution File, Format Version 12.00
# Visual Studio Version 16
VisualStudioVersion = 16.0.32002.261
MinimumVisualStudioVersion = 10.0.40219.1
Project("{FAE04EC0-301F-11D3-BF4B-00C04F79EFBC}") = "forLoopExamples", "forLoopExamples.csproj", "{D84F9CF9-A792-4EB1-9886-F59352296B4C}"
EndProject
Global
	GlobalSection(SolutionConfigurationPlatforms) = preSolution
		Debug|Any CPU = Debug|Any CPU
		Release|Any CPU = Release|Any CPU
	EndGlobalSection
	GlobalSection(ProjectConfigurationPlatforms) = postSolution
		{D84F9CF9-A792-4EB1-9886-F59352296B4C}.Debug|Any CPU.ActiveCfg = Debug|Any CPU
		{D84F9CF9-A792-4EB1-9886-F59352296B4C}.Debug|Any CPU.Build.0 = Debug|Any CPU
		{D84F9CF9-A792-4EB1-9886-F59352296B4C}.Release|Any CPU.ActiveCfg = Release|Any CPU
		{D84F9CF9-A792-4EB1-9886-F59352296B4C}.Release|Any CPU.Build.0 = Release|Any CPU
	EndGlobalSection
	GlobalSection(SolutionProperties) = preSolution
		HideSolutionNode = FALSE
	EndGlobalSection
	GlobalSection(ExtensibilityGlobals) = postSolution
		SolutionGuid = {06EEA81C-1B90-4919-83D0-07C2196A8C45}
	EndGlobalSection
EndGlobal
