
Microsoft Visual Studio Solution File, Format Version 12.00
# Visual Studio Version 17
VisualStudioVersion = 17.2.32630.192
MinimumVisualStudioVersion = 10.0.40219.1
Project("{FAE04EC0-301F-11D3-BF4B-00C04F79EFBC}") = "GradeRegistrationSystem", "GradeRegistrationSystem.csproj", "{CC28627F-71A4-4E2A-9155-4371D4BD3D8C}"
EndProject
Global
	GlobalSection(SolutionConfigurationPlatforms) = preSolution
		Debug|Any CPU = Debug|Any CPU
		Release|Any CPU = Release|Any CPU
	EndGlobalSection
	GlobalSection(ProjectConfigurationPlatforms) = postSolution
		{CC28627F-71A4-4E2A-9155-4371D4BD3D8C}.Debug|Any CPU.ActiveCfg = Debug|Any CPU
		{CC28627F-71A4-4E2A-9155-4371D4BD3D8C}.Debug|Any CPU.Build.0 = Debug|Any CPU
		{CC28627F-71A4-4E2A-9155-4371D4BD3D8C}.Release|Any CPU.ActiveCfg = Release|Any CPU
		{CC28627F-71A4-4E2A-9155-4371D4BD3D8C}.Release|Any CPU.Build.0 = Release|Any CPU
	EndGlobalSection
	GlobalSection(SolutionProperties) = preSolution
		HideSolutionNode = FALSE
	EndGlobalSection
	GlobalSection(ExtensibilityGlobals) = postSolution
		SolutionGuid = {80DAA426-8A1F-436A-B287-651A97EE5F9E}
	EndGlobalSection
EndGlobal
