
Microsoft Visual Studio Solution File, Format Version 12.00
# Visual Studio Version 16
VisualStudioVersion = 16.0.32002.261
MinimumVisualStudioVersion = 10.0.40219.1
Project("{FAE04EC0-301F-11D3-BF4B-00C04F79EFBC}") = "calculationMachineWithOperators", "calculationMachineWithOperators\calculationMachineWithOperators.csproj", "{DFA5FF3D-3A5C-4D5C-AA26-2A7B7910086F}"
EndProject
Global
	GlobalSection(SolutionConfigurationPlatforms) = preSolution
		Debug|Any CPU = Debug|Any CPU
		Release|Any CPU = Release|Any CPU
	EndGlobalSection
	GlobalSection(ProjectConfigurationPlatforms) = postSolution
		{DFA5FF3D-3A5C-4D5C-AA26-2A7B7910086F}.Debug|Any CPU.ActiveCfg = Debug|Any CPU
		{DFA5FF3D-3A5C-4D5C-AA26-2A7B7910086F}.Debug|Any CPU.Build.0 = Debug|Any CPU
		{DFA5FF3D-3A5C-4D5C-AA26-2A7B7910086F}.Release|Any CPU.ActiveCfg = Release|Any CPU
		{DFA5FF3D-3A5C-4D5C-AA26-2A7B7910086F}.Release|Any CPU.Build.0 = Release|Any CPU
	EndGlobalSection
	GlobalSection(SolutionProperties) = preSolution
		HideSolutionNode = FALSE
	EndGlobalSection
	GlobalSection(ExtensibilityGlobals) = postSolution
		SolutionGuid = {8FADF524-911D-4B29-982D-AC0ED7285A25}
	EndGlobalSection
EndGlobal
