
Microsoft Visual Studio Solution File, Format Version 12.00
# Visual Studio Version 16
VisualStudioVersion = 16.0.32002.261
MinimumVisualStudioVersion = 10.0.40219.1
Project("{FAE04EC0-301F-11D3-BF4B-00C04F79EFBC}") = "girilenSayininKaresiniHesaplama", "girilenSayininKaresiniHesaplama\girilenSayininKaresiniHesaplama.csproj", "{E207CA3A-AA9B-492E-AB68-DFBC7D5982F5}"
EndProject
Global
	GlobalSection(SolutionConfigurationPlatforms) = preSolution
		Debug|Any CPU = Debug|Any CPU
		Release|Any CPU = Release|Any CPU
	EndGlobalSection
	GlobalSection(ProjectConfigurationPlatforms) = postSolution
		{E207CA3A-AA9B-492E-AB68-DFBC7D5982F5}.Debug|Any CPU.ActiveCfg = Debug|Any CPU
		{E207CA3A-AA9B-492E-AB68-DFBC7D5982F5}.Debug|Any CPU.Build.0 = Debug|Any CPU
		{E207CA3A-AA9B-492E-AB68-DFBC7D5982F5}.Release|Any CPU.ActiveCfg = Release|Any CPU
		{E207CA3A-AA9B-492E-AB68-DFBC7D5982F5}.Release|Any CPU.Build.0 = Release|Any CPU
	EndGlobalSection
	GlobalSection(SolutionProperties) = preSolution
		HideSolutionNode = FALSE
	EndGlobalSection
	GlobalSection(ExtensibilityGlobals) = postSolution
		SolutionGuid = {F53410C4-6B53-4458-B65E-7FF1705BC3D5}
	EndGlobalSection
EndGlobal
