
Microsoft Visual Studio Solution File, Format Version 12.00
# Visual Studio Version 16
VisualStudioVersion = 16.0.32002.261
MinimumVisualStudioVersion = 10.0.40219.1
Project("{FAE04EC0-301F-11D3-BF4B-00C04F79EFBC}") = "formlararasıGecisIslemleri", "formlararasıGecisIslemleri\formlararasıGecisIslemleri.csproj", "{9DA997CF-45BA-44E2-96F2-0A2E4863722E}"
EndProject
Global
	GlobalSection(SolutionConfigurationPlatforms) = preSolution
		Debug|Any CPU = Debug|Any CPU
		Release|Any CPU = Release|Any CPU
	EndGlobalSection
	GlobalSection(ProjectConfigurationPlatforms) = postSolution
		{9DA997CF-45BA-44E2-96F2-0A2E4863722E}.Debug|Any CPU.ActiveCfg = Debug|Any CPU
		{9DA997CF-45BA-44E2-96F2-0A2E4863722E}.Debug|Any CPU.Build.0 = Debug|Any CPU
		{9DA997CF-45BA-44E2-96F2-0A2E4863722E}.Release|Any CPU.ActiveCfg = Release|Any CPU
		{9DA997CF-45BA-44E2-96F2-0A2E4863722E}.Release|Any CPU.Build.0 = Release|Any CPU
	EndGlobalSection
	GlobalSection(SolutionProperties) = preSolution
		HideSolutionNode = FALSE
	EndGlobalSection
	GlobalSection(ExtensibilityGlobals) = postSolution
		SolutionGuid = {ED14EAE2-6EAF-433D-BA3C-41615F75217E}
	EndGlobalSection
EndGlobal
