
Microsoft Visual Studio Solution File, Format Version 12.00
# Visual Studio Version 16
VisualStudioVersion = 16.0.32002.261
MinimumVisualStudioVersion = 10.0.40219.1
Project("{FAE04EC0-301F-11D3-BF4B-00C04F79EFBC}") = "variablesAndVariablesTanımlama", "variablesAndVariablesTanımlama\variablesAndVariablesTanımlama.csproj", "{B1008664-D39C-42BD-8966-F9CA2E05E0C6}"
EndProject
Global
	GlobalSection(SolutionConfigurationPlatforms) = preSolution
		Debug|Any CPU = Debug|Any CPU
		Release|Any CPU = Release|Any CPU
	EndGlobalSection
	GlobalSection(ProjectConfigurationPlatforms) = postSolution
		{B1008664-D39C-42BD-8966-F9CA2E05E0C6}.Debug|Any CPU.ActiveCfg = Debug|Any CPU
		{B1008664-D39C-42BD-8966-F9CA2E05E0C6}.Debug|Any CPU.Build.0 = Debug|Any CPU
		{B1008664-D39C-42BD-8966-F9CA2E05E0C6}.Release|Any CPU.ActiveCfg = Release|Any CPU
		{B1008664-D39C-42BD-8966-F9CA2E05E0C6}.Release|Any CPU.Build.0 = Release|Any CPU
	EndGlobalSection
	GlobalSection(SolutionProperties) = preSolution
		HideSolutionNode = FALSE
	EndGlobalSection
	GlobalSection(ExtensibilityGlobals) = postSolution
		SolutionGuid = {74E0124C-F73D-428B-8B9A-A1BC609E5849}
	EndGlobalSection
EndGlobal
