
Microsoft Visual Studio Solution File, Format Version 12.00
# Visual Studio Version 16
VisualStudioVersion = 16.0.31729.503
MinimumVisualStudioVersion = 10.0.40219.1
Project("{FAE04EC0-301F-11D3-BF4B-00C04F79EFBC}") = "labelTextboxKullanimi", "labelTextboxKullanimi\labelTextboxKullanimi.csproj", "{655938ED-3ED0-44F1-AEFE-0B33F00E8FE5}"
EndProject
Global
	GlobalSection(SolutionConfigurationPlatforms) = preSolution
		Debug|Any CPU = Debug|Any CPU
		Release|Any CPU = Release|Any CPU
	EndGlobalSection
	GlobalSection(ProjectConfigurationPlatforms) = postSolution
		{655938ED-3ED0-44F1-AEFE-0B33F00E8FE5}.Debug|Any CPU.ActiveCfg = Debug|Any CPU
		{655938ED-3ED0-44F1-AEFE-0B33F00E8FE5}.Debug|Any CPU.Build.0 = Debug|Any CPU
		{655938ED-3ED0-44F1-AEFE-0B33F00E8FE5}.Release|Any CPU.ActiveCfg = Release|Any CPU
		{655938ED-3ED0-44F1-AEFE-0B33F00E8FE5}.Release|Any CPU.Build.0 = Release|Any CPU
	EndGlobalSection
	GlobalSection(SolutionProperties) = preSolution
		HideSolutionNode = FALSE
	EndGlobalSection
	GlobalSection(ExtensibilityGlobals) = postSolution
		SolutionGuid = {24EE7A19-078B-495C-A141-E4B2D27CA39F}
	EndGlobalSection
EndGlobal
