
Microsoft Visual Studio Solution File, Format Version 12.00
# Visual Studio Version 16
VisualStudioVersion = 16.0.32002.261
MinimumVisualStudioVersion = 10.0.40219.1
Project("{FAE04EC0-301F-11D3-BF4B-00C04F79EFBC}") = "methodsKareUcgenDaire", "methodsKareUcgenDaire.csproj", "{88C72455-216D-4C09-A62A-7BA028D6200D}"
EndProject
Global
	GlobalSection(SolutionConfigurationPlatforms) = preSolution
		Debug|Any CPU = Debug|Any CPU
		Release|Any CPU = Release|Any CPU
	EndGlobalSection
	GlobalSection(ProjectConfigurationPlatforms) = postSolution
		{88C72455-216D-4C09-A62A-7BA028D6200D}.Debug|Any CPU.ActiveCfg = Debug|Any CPU
		{88C72455-216D-4C09-A62A-7BA028D6200D}.Debug|Any CPU.Build.0 = Debug|Any CPU
		{88C72455-216D-4C09-A62A-7BA028D6200D}.Release|Any CPU.ActiveCfg = Release|Any CPU
		{88C72455-216D-4C09-A62A-7BA028D6200D}.Release|Any CPU.Build.0 = Release|Any CPU
	EndGlobalSection
	GlobalSection(SolutionProperties) = preSolution
		HideSolutionNode = FALSE
	EndGlobalSection
	GlobalSection(ExtensibilityGlobals) = postSolution
		SolutionGuid = {311777C3-0594-41C3-82FE-98DC70EC8D12}
	EndGlobalSection
EndGlobal
