
Microsoft Visual Studio Solution File, Format Version 12.00
# Visual Studio Version 16
VisualStudioVersion = 16.0.32002.261
MinimumVisualStudioVersion = 10.0.40219.1
Project("{FAE04EC0-301F-11D3-BF4B-00C04F79EFBC}") = "forLoopFaktoriyelHesaplayanProgram", "forLoopFaktoriyelHesaplayanProgram.csproj", "{8828C169-6794-4BC6-BDD6-21EAAD1205CA}"
EndProject
Global
	GlobalSection(SolutionConfigurationPlatforms) = preSolution
		Debug|Any CPU = Debug|Any CPU
		Release|Any CPU = Release|Any CPU
	EndGlobalSection
	GlobalSection(ProjectConfigurationPlatforms) = postSolution
		{8828C169-6794-4BC6-BDD6-21EAAD1205CA}.Debug|Any CPU.ActiveCfg = Debug|Any CPU
		{8828C169-6794-4BC6-BDD6-21EAAD1205CA}.Debug|Any CPU.Build.0 = Debug|Any CPU
		{8828C169-6794-4BC6-BDD6-21EAAD1205CA}.Release|Any CPU.ActiveCfg = Release|Any CPU
		{8828C169-6794-4BC6-BDD6-21EAAD1205CA}.Release|Any CPU.Build.0 = Release|Any CPU
	EndGlobalSection
	GlobalSection(SolutionProperties) = preSolution
		HideSolutionNode = FALSE
	EndGlobalSection
	GlobalSection(ExtensibilityGlobals) = postSolution
		SolutionGuid = {063433AA-A1DA-494C-8454-6577562B08D4}
	EndGlobalSection
EndGlobal
