
Microsoft Visual Studio Solution File, Format Version 12.00
# Visual Studio Version 16
VisualStudioVersion = 16.0.32002.261
MinimumVisualStudioVersion = 10.0.40219.1
Project("{FAE04EC0-301F-11D3-BF4B-00C04F79EFBC}") = "forLoopUstHesaplayanProgram", "forLoopUstHesaplayanProgram.csproj", "{A7B7FCAF-F798-4D60-A6A7-49CA349656A2}"
EndProject
Global
	GlobalSection(SolutionConfigurationPlatforms) = preSolution
		Debug|Any CPU = Debug|Any CPU
		Release|Any CPU = Release|Any CPU
	EndGlobalSection
	GlobalSection(ProjectConfigurationPlatforms) = postSolution
		{A7B7FCAF-F798-4D60-A6A7-49CA349656A2}.Debug|Any CPU.ActiveCfg = Debug|Any CPU
		{A7B7FCAF-F798-4D60-A6A7-49CA349656A2}.Debug|Any CPU.Build.0 = Debug|Any CPU
		{A7B7FCAF-F798-4D60-A6A7-49CA349656A2}.Release|Any CPU.ActiveCfg = Release|Any CPU
		{A7B7FCAF-F798-4D60-A6A7-49CA349656A2}.Release|Any CPU.Build.0 = Release|Any CPU
	EndGlobalSection
	GlobalSection(SolutionProperties) = preSolution
		HideSolutionNode = FALSE
	EndGlobalSection
	GlobalSection(ExtensibilityGlobals) = postSolution
		SolutionGuid = {0E1C8E1E-383C-4B2E-AFDC-148EA5AB191C}
	EndGlobalSection
EndGlobal
