
Microsoft Visual Studio Solution File, Format Version 12.00
# Visual Studio Version 16
VisualStudioVersion = 16.0.32002.261
MinimumVisualStudioVersion = 10.0.40219.1
Project("{FAE04EC0-301F-11D3-BF4B-00C04F79EFBC}") = "cSharpGeneralInformatıon", "cSharpGeneralInformatıon.csproj", "{58AE2B88-4C9E-4932-A6E1-4BE5F8B1244F}"
EndProject
Global
	GlobalSection(SolutionConfigurationPlatforms) = preSolution
		Debug|Any CPU = Debug|Any CPU
		Release|Any CPU = Release|Any CPU
	EndGlobalSection
	GlobalSection(ProjectConfigurationPlatforms) = postSolution
		{58AE2B88-4C9E-4932-A6E1-4BE5F8B1244F}.Debug|Any CPU.ActiveCfg = Debug|Any CPU
		{58AE2B88-4C9E-4932-A6E1-4BE5F8B1244F}.Debug|Any CPU.Build.0 = Debug|Any CPU
		{58AE2B88-4C9E-4932-A6E1-4BE5F8B1244F}.Release|Any CPU.ActiveCfg = Release|Any CPU
		{58AE2B88-4C9E-4932-A6E1-4BE5F8B1244F}.Release|Any CPU.Build.0 = Release|Any CPU
	EndGlobalSection
	GlobalSection(SolutionProperties) = preSolution
		HideSolutionNode = FALSE
	EndGlobalSection
	GlobalSection(ExtensibilityGlobals) = postSolution
		SolutionGuid = {CCFD0AD6-493A-494E-B305-EF3721CE2D36}
	EndGlobalSection
EndGlobal
