
Microsoft Visual Studio Solution File, Format Version 12.00
# Visual Studio Version 16
VisualStudioVersion = 16.0.32002.261
MinimumVisualStudioVersion = 10.0.40219.1
Project("{FAE04EC0-301F-11D3-BF4B-00C04F79EFBC}") = "girilenSayıIkininKaresiSeklindeYazılırMı", "girilenSayıIkininKaresiSeklindeYazılırMı.csproj", "{11294B50-86DD-43FB-A336-A725DFC17C4B}"
EndProject
Global
	GlobalSection(SolutionConfigurationPlatforms) = preSolution
		Debug|Any CPU = Debug|Any CPU
		Release|Any CPU = Release|Any CPU
	EndGlobalSection
	GlobalSection(ProjectConfigurationPlatforms) = postSolution
		{11294B50-86DD-43FB-A336-A725DFC17C4B}.Debug|Any CPU.ActiveCfg = Debug|Any CPU
		{11294B50-86DD-43FB-A336-A725DFC17C4B}.Debug|Any CPU.Build.0 = Debug|Any CPU
		{11294B50-86DD-43FB-A336-A725DFC17C4B}.Release|Any CPU.ActiveCfg = Release|Any CPU
		{11294B50-86DD-43FB-A336-A725DFC17C4B}.Release|Any CPU.Build.0 = Release|Any CPU
	EndGlobalSection
	GlobalSection(SolutionProperties) = preSolution
		HideSolutionNode = FALSE
	EndGlobalSection
	GlobalSection(ExtensibilityGlobals) = postSolution
		SolutionGuid = {6114EE8B-68A5-4874-8CDA-7831EC049C09}
	EndGlobalSection
EndGlobal
